
Microsoft Visual Studio Solution File, Format Version 12.00
# Visual Studio Version 17
VisualStudioVersion = 17.3.32825.248
MinimumVisualStudioVersion = 10.0.40219.1
Project("{FAE04EC0-301F-11D3-BF4B-00C04F79EFBC}") = "htx", "htx\htx.csproj", "{C9078AEE-6431-4826-A9B6-CA0990BCCEC0}"
EndProject
Global
	GlobalSection(SolutionConfigurationPlatforms) = preSolution
		Debug|Any CPU = Debug|Any CPU
		Release|Any CPU = Release|Any CPU
	EndGlobalSection
	GlobalSection(ProjectConfigurationPlatforms) = postSolution
		{C9078AEE-6431-4826-A9B6-CA0990BCCEC0}.Debug|Any CPU.ActiveCfg = Debug|Any CPU
		{C9078AEE-6431-4826-A9B6-CA0990BCCEC0}.Debug|Any CPU.Build.0 = Debug|Any CPU
		{C9078AEE-6431-4826-A9B6-CA0990BCCEC0}.Release|Any CPU.ActiveCfg = Release|Any CPU
		{C9078AEE-6431-4826-A9B6-CA0990BCCEC0}.Release|Any CPU.Build.0 = Release|Any CPU
	EndGlobalSection
	GlobalSection(SolutionProperties) = preSolution
		HideSolutionNode = FALSE
	EndGlobalSection
	GlobalSection(ExtensibilityGlobals) = postSolution
		SolutionGuid = {DE4A7612-6C50-4947-A3EB-122558991BDD}
	EndGlobalSection
EndGlobal
